
Microsoft Visual Studio Solution File, Format Version 12.00
# Visual Studio 14
VisualStudioVersion = 14.0.23107.0
MinimumVisualStudioVersion = 10.0.40219.1
Project("{FAE04EC0-301F-11D3-BF4B-00C04F79EFBC}") = "DKC.JBus", "DKC.JBus\DKC.JBus.csproj", "{EB748C0C-3AF6-4B8D-BF22-C1C9B2A5F3E0}"
EndProject
Project("{FAE04EC0-301F-11D3-BF4B-00C04F79EFBC}") = "Migrator", "Migrator\Migrator.csproj", "{B6ED1AED-608A-4E73-9019-921D97D414F2}"
EndProject
Project("{2150E333-8FDC-42A3-9474-1A3956D46DE8}") = "_scripts", "_scripts", "{E09C84AB-19FC-4646-86E9-1C046F3FE4E7}"
EndProject
Project("{2150E333-8FDC-42A3-9474-1A3956D46DE8}") = "local", "local", "{D45C929E-3F0B-48D2-986D-8EB50D88D0F5}"
	ProjectSection(SolutionItems) = preProject
		_scripts\local\local.create_database.bat = _scripts\local\local.create_database.bat
		_scripts\local\local.create_database.sql = _scripts\local\local.create_database.sql
		_scripts\local\local.drop_all_table.bat = _scripts\local\local.drop_all_table.bat
		_scripts\local\local.drop_all_table.sql = _scripts\local\local.drop_all_table.sql
		_scripts\local\local.drop_database.bat = _scripts\local\local.drop_database.bat
		_scripts\local\local.drop_database.sql = _scripts\local\local.drop_database.sql
	EndProjectSection
EndProject
Global
	GlobalSection(SolutionConfigurationPlatforms) = preSolution
		Debug|Any CPU = Debug|Any CPU
		Release|Any CPU = Release|Any CPU
	EndGlobalSection
	GlobalSection(ProjectConfigurationPlatforms) = postSolution
		{EB748C0C-3AF6-4B8D-BF22-C1C9B2A5F3E0}.Debug|Any CPU.ActiveCfg = Debug|Any CPU
		{EB748C0C-3AF6-4B8D-BF22-C1C9B2A5F3E0}.Debug|Any CPU.Build.0 = Debug|Any CPU
		{EB748C0C-3AF6-4B8D-BF22-C1C9B2A5F3E0}.Release|Any CPU.ActiveCfg = Release|Any CPU
		{EB748C0C-3AF6-4B8D-BF22-C1C9B2A5F3E0}.Release|Any CPU.Build.0 = Release|Any CPU
		{B6ED1AED-608A-4E73-9019-921D97D414F2}.Debug|Any CPU.ActiveCfg = Debug|Any CPU
		{B6ED1AED-608A-4E73-9019-921D97D414F2}.Debug|Any CPU.Build.0 = Debug|Any CPU
		{B6ED1AED-608A-4E73-9019-921D97D414F2}.Release|Any CPU.ActiveCfg = Release|Any CPU
		{B6ED1AED-608A-4E73-9019-921D97D414F2}.Release|Any CPU.Build.0 = Release|Any CPU
	EndGlobalSection
	GlobalSection(SolutionProperties) = preSolution
		HideSolutionNode = FALSE
	EndGlobalSection
	GlobalSection(NestedProjects) = preSolution
		{D45C929E-3F0B-48D2-986D-8EB50D88D0F5} = {E09C84AB-19FC-4646-86E9-1C046F3FE4E7}
	EndGlobalSection
EndGlobal
